
Microsoft Visual Studio Solution File, Format Version 12.00
# Visual Studio 15
VisualStudioVersion = 15.0.27703.2042
MinimumVisualStudioVersion = 10.0.40219.1
Project("{2150E333-8FDC-42A3-9474-1A3956D46DE8}") = "Solution Items", "Solution Items", "{D25ABD81-9764-48AE-A02C-738F86493ED2}"
EndProject
Project("{FAE04EC0-301F-11D3-BF4B-00C04F79EFBC}") = "AdventCalendar", "AdventCalendar\AdventCalendar.csproj", "{E90476CC-0DDB-48DA-AF0E-860173D4D355}"
EndProject
Global
	GlobalSection(SolutionConfigurationPlatforms) = preSolution
		Debug|Any CPU = Debug|Any CPU
		Release|Any CPU = Release|Any CPU
	EndGlobalSection
	GlobalSection(ProjectConfigurationPlatforms) = postSolution
		{E90476CC-0DDB-48DA-AF0E-860173D4D355}.Debug|Any CPU.ActiveCfg = Debug|Any CPU
		{E90476CC-0DDB-48DA-AF0E-860173D4D355}.Debug|Any CPU.Build.0 = Debug|Any CPU
		{E90476CC-0DDB-48DA-AF0E-860173D4D355}.Release|Any CPU.ActiveCfg = Release|Any CPU
		{E90476CC-0DDB-48DA-AF0E-860173D4D355}.Release|Any CPU.Build.0 = Release|Any CPU
	EndGlobalSection
	GlobalSection(SolutionProperties) = preSolution
		HideSolutionNode = FALSE
	EndGlobalSection
	GlobalSection(ExtensibilityGlobals) = postSolution
		SolutionGuid = {2600F0A7-AE5A-427E-AB51-B27BD59C18CA}
	EndGlobalSection
EndGlobal
